
Microsoft Visual Studio Solution File, Format Version 11.00
# Visual Studio 2010
Project("{FAE04EC0-301F-11D3-BF4B-00C04F79EFBC}") = "Screen LED", "Screen LED\Screen LED.csproj", "{B62F62B4-D87B-4612-A841-055DFCAFD4E9}"
EndProject
Project("{54435603-DBB4-11D2-8724-00A0C9A8B90C}") = "LucidScribe.Screen.LED", "Installer\Lucid Scribe Screen LED.vdproj", "{39D4F6FB-2918-403A-96A7-3A16778C7441}"
EndProject
Global
	GlobalSection(SolutionConfigurationPlatforms) = preSolution
		Debug|Any CPU = Debug|Any CPU
		Release|Any CPU = Release|Any CPU
	EndGlobalSection
	GlobalSection(ProjectConfigurationPlatforms) = postSolution
		{B62F62B4-D87B-4612-A841-055DFCAFD4E9}.Debug|Any CPU.ActiveCfg = Debug|Any CPU
		{B62F62B4-D87B-4612-A841-055DFCAFD4E9}.Debug|Any CPU.Build.0 = Debug|Any CPU
		{B62F62B4-D87B-4612-A841-055DFCAFD4E9}.Release|Any CPU.ActiveCfg = Release|Any CPU
		{B62F62B4-D87B-4612-A841-055DFCAFD4E9}.Release|Any CPU.Build.0 = Release|Any CPU
		{39D4F6FB-2918-403A-96A7-3A16778C7441}.Debug|Any CPU.ActiveCfg = Debug
		{39D4F6FB-2918-403A-96A7-3A16778C7441}.Debug|Any CPU.Build.0 = Debug
		{39D4F6FB-2918-403A-96A7-3A16778C7441}.Release|Any CPU.ActiveCfg = Release
		{39D4F6FB-2918-403A-96A7-3A16778C7441}.Release|Any CPU.Build.0 = Release
	EndGlobalSection
	GlobalSection(SolutionProperties) = preSolution
		HideSolutionNode = FALSE
	EndGlobalSection
EndGlobal
